// !$*UTF8*$!
{
	archiveVersion = 1;
	classes = {
	};
	objectVersion = 55;
	objects = {

/* Begin PBXBuildFile section */
		F705F2C22923B1310069160D /* Extension+Logger.swift in Sources */ = {isa = PBXBuildFile; fileRef = F705F2C12923B1310069160D /* Extension+Logger.swift */; };
		F705F2C72923B1750069160D /* Blork.swift in Sources */ = {isa = PBXBuildFile; fileRef = F705F2C62923B1750069160D /* Blork.swift */; };
		F705F2C92923B1B80069160D /* BlorkItem.swift in Sources */ = {isa = PBXBuildFile; fileRef = F705F2C82923B1B80069160D /* BlorkItem.swift */; };
		F705F2CB2923B1F00069160D /* BlorkStore.swift in Sources */ = {isa = PBXBuildFile; fileRef = F705F2CA2923B1F00069160D /* BlorkStore.swift */; };
		F705F2CF2923B2310069160D /* QueueHandlerViewModel.swift in Sources */ = {isa = PBXBuildFile; fileRef = F705F2CE2923B2310069160D /* QueueHandlerViewModel.swift */; };
		F76B2F4C2923978600F974CC /* QueueManagerLab1App.swift in Sources */ = {isa = PBXBuildFile; fileRef = F76B2F4B2923978600F974CC /* QueueManagerLab1App.swift */; };
		F76B2F4E2923978600F974CC /* ContentView.swift in Sources */ = {isa = PBXBuildFile; fileRef = F76B2F4D2923978600F974CC /* ContentView.swift */; };
		F76B2F502923978700F974CC /* Assets.xcassets in Resources */ = {isa = PBXBuildFile; fileRef = F76B2F4F2923978700F974CC /* Assets.xcassets */; };
		F76B2F532923978700F974CC /* Preview Assets.xcassets in Resources */ = {isa = PBXBuildFile; fileRef = F76B2F522923978700F974CC /* Preview Assets.xcassets */; };
		F76B2F5B292397E300F974CC /* QueueHandlerView.swift in Sources */ = {isa = PBXBuildFile; fileRef = F76B2F5A292397E300F974CC /* QueueHandlerView.swift */; };
		F76B2F5D29239C3600F974CC /* BlorkStorage.swift in Sources */ = {isa = PBXBuildFile; fileRef = F76B2F5C29239C3600F974CC /* BlorkStorage.swift */; };
/* End PBXBuildFile section */

/* Begin PBXFileReference section */
		F705F2C12923B1310069160D /* Extension+Logger.swift */ = {isa = PBXFileReference; lastKnownFileType = sourcecode.swift; path = "Extension+Logger.swift"; sourceTree = "<group>"; };
		F705F2C62923B1750069160D /* Blork.swift */ = {isa = PBXFileReference; lastKnownFileType = sourcecode.swift; path = Blork.swift; sourceTree = "<group>"; };
		F705F2C82923B1B80069160D /* BlorkItem.swift */ = {isa = PBXFileReference; lastKnownFileType = sourcecode.swift; path = BlorkItem.swift; sourceTree = "<group>"; };
		F705F2CA2923B1F00069160D /* BlorkStore.swift */ = {isa = PBXFileReference; lastKnownFileType = sourcecode.swift; path = BlorkStore.swift; sourceTree = "<group>"; };
		F705F2CE2923B2310069160D /* QueueHandlerViewModel.swift */ = {isa = PBXFileReference; lastKnownFileType = sourcecode.swift; path = QueueHandlerViewModel.swift; sourceTree = "<group>"; };
		F76B2F482923978600F974CC /* QueueManagerLab1.app */ = {isa = PBXFileReference; explicitFileType = wrapper.application; includeInIndex = 0; path = QueueManagerLab1.app; sourceTree = BUILT_PRODUCTS_DIR; };
		F76B2F4B2923978600F974CC /* QueueManagerLab1App.swift */ = {isa = PBXFileReference; lastKnownFileType = sourcecode.swift; path = QueueManagerLab1App.swift; sourceTree = "<group>"; };
		F76B2F4D2923978600F974CC /* ContentView.swift */ = {isa = PBXFileReference; lastKnownFileType = sourcecode.swift; path = ContentView.swift; sourceTree = "<group>"; };
		F76B2F4F2923978700F974CC /* Assets.xcassets */ = {isa = PBXFileReference; lastKnownFileType = folder.assetcatalog; path = Assets.xcassets; sourceTree = "<group>"; };
		F76B2F522923978700F974CC /* Preview Assets.xcassets */ = {isa = PBXFileReference; lastKnownFileType = folder.assetcatalog; path = "Preview Assets.xcassets"; sourceTree = "<group>"; };
		F76B2F542923978700F974CC /* QueueManagerLab1.entitlements */ = {isa = PBXFileReference; lastKnownFileType = text.plist.entitlements; path = QueueManagerLab1.entitlements; sourceTree = "<group>"; };
		F76B2F5A292397E300F974CC /* QueueHandlerView.swift */ = {isa = PBXFileReference; lastKnownFileType = sourcecode.swift; path = QueueHandlerView.swift; sourceTree = "<group>"; };
		F76B2F5C29239C3600F974CC /* BlorkStorage.swift */ = {isa = PBXFileReference; lastKnownFileType = sourcecode.swift; path = BlorkStorage.swift; sourceTree = "<group>"; };
/* End PBXFileReference section */

/* Begin PBXFrameworksBuildPhase section */
		F76B2F452923978600F974CC /* Frameworks */ = {
			isa = PBXFrameworksBuildPhase;
			buildActionMask = 2147483647;
			files = (
			);
			runOnlyForDeploymentPostprocessing = 0;
		};
/* End PBXFrameworksBuildPhase section */

/* Begin PBXGroup section */
		F705F2C32923B1460069160D /* Extension */ = {
			isa = PBXGroup;
			children = (
				F705F2C12923B1310069160D /* Extension+Logger.swift */,
			);
			path = Extension;
			sourceTree = "<group>";
		};
		F705F2C42923B1550069160D /* Storage */ = {
			isa = PBXGroup;
			children = (
				F76B2F5C29239C3600F974CC /* BlorkStorage.swift */,
			);
			path = Storage;
			sourceTree = "<group>";
		};
		F705F2C52923B1610069160D /* Model */ = {
			isa = PBXGroup;
			children = (
				F705F2C62923B1750069160D /* Blork.swift */,
				F705F2C82923B1B80069160D /* BlorkItem.swift */,
				F705F2CA2923B1F00069160D /* BlorkStore.swift */,
			);
			path = Model;
			sourceTree = "<group>";
		};
		F705F2CD2923B2210069160D /* ViewModel */ = {
			isa = PBXGroup;
			children = (
				F705F2CE2923B2310069160D /* QueueHandlerViewModel.swift */,
			);
			path = ViewModel;
			sourceTree = "<group>";
		};
		F76B2F3F2923978600F974CC = {
			isa = PBXGroup;
			children = (
				F76B2F4A2923978600F974CC /* QueueManagerLab1 */,
				F76B2F492923978600F974CC /* Products */,
			);
			sourceTree = "<group>";
		};
		F76B2F492923978600F974CC /* Products */ = {
			isa = PBXGroup;
			children = (
				F76B2F482923978600F974CC /* QueueManagerLab1.app */,
			);
			name = Products;
			sourceTree = "<group>";
		};
		F76B2F4A2923978600F974CC /* QueueManagerLab1 */ = {
			isa = PBXGroup;
			children = (
				F705F2CD2923B2210069160D /* ViewModel */,
				F705F2C52923B1610069160D /* Model */,
				F705F2C42923B1550069160D /* Storage */,
				F705F2C32923B1460069160D /* Extension */,
				F76B2F4B2923978600F974CC /* QueueManagerLab1App.swift */,
				F76B2F4D2923978600F974CC /* ContentView.swift */,
				F76B2F4F2923978700F974CC /* Assets.xcassets */,
				F76B2F542923978700F974CC /* QueueManagerLab1.entitlements */,
				F76B2F512923978700F974CC /* Preview Content */,
				F76B2F5A292397E300F974CC /* QueueHandlerView.swift */,
			);
			path = QueueManagerLab1;
			sourceTree = "<group>";
		};
		F76B2F512923978700F974CC /* Preview Content */ = {
			isa = PBXGroup;
			children = (
				F76B2F522923978700F974CC /* Preview Assets.xcassets */,
			);
			path = "Preview Content";
			sourceTree = "<group>";
		};
/* End PBXGroup section */

/* Begin PBXNativeTarget section */
		F76B2F472923978600F974CC /* QueueManagerLab1 */ = {
			isa = PBXNativeTarget;
			buildConfigurationList = F76B2F572923978700F974CC /* Build configuration list for PBXNativeTarget "QueueManagerLab1" */;
			buildPhases = (
				F76B2F442923978600F974CC /* Sources */,
				F76B2F452923978600F974CC /* Frameworks */,
				F76B2F462923978600F974CC /* Resources */,
			);
			buildRules = (
			);
			dependencies = (
			);
			name = QueueManagerLab1;
			productName = QueueManagerLab1;
			productReference = F76B2F482923978600F974CC /* QueueManagerLab1.app */;
			productType = "com.apple.product-type.application";
		};
/* End PBXNativeTarget section */

/* Begin PBXProject section */
		F76B2F402923978600F974CC /* Project object */ = {
			isa = PBXProject;
			attributes = {
				BuildIndependentTargetsInParallel = 1;
				LastSwiftUpdateCheck = 1340;
				LastUpgradeCheck = 1340;
				TargetAttributes = {
					F76B2F472923978600F974CC = {
						CreatedOnToolsVersion = 13.4.1;
					};
				};
			};
			buildConfigurationList = F76B2F432923978600F974CC /* Build configuration list for PBXProject "QueueManagerLab1" */;
			compatibilityVersion = "Xcode 13.0";
			developmentRegion = en;
			hasScannedForEncodings = 0;
			knownRegions = (
				en,
				Base,
			);
			mainGroup = F76B2F3F2923978600F974CC;
			productRefGroup = F76B2F492923978600F974CC /* Products */;
			projectDirPath = "";
			projectRoot = "";
			targets = (
				F76B2F472923978600F974CC /* QueueManagerLab1 */,
			);
		};
/* End PBXProject section */

/* Begin PBXResourcesBuildPhase section */
		F76B2F462923978600F974CC /* Resources */ = {
			isa = PBXResourcesBuildPhase;
			buildActionMask = 2147483647;
			files = (
				F76B2F532923978700F974CC /* Preview Assets.xcassets in Resources */,
				F76B2F502923978700F974CC /* Assets.xcassets in Resources */,
			);
			runOnlyForDeploymentPostprocessing = 0;
		};
/* End PBXResourcesBuildPhase section */

/* Begin PBXSourcesBuildPhase section */
		F76B2F442923978600F974CC /* Sources */ = {
			isa = PBXSourcesBuildPhase;
			buildActionMask = 2147483647;
			files = (
				F76B2F5D29239C3600F974CC /* BlorkStorage.swift in Sources */,
				F705F2CF2923B2310069160D /* QueueHandlerViewModel.swift in Sources */,
				F705F2C92923B1B80069160D /* BlorkItem.swift in Sources */,
				F705F2CB2923B1F00069160D /* BlorkStore.swift in Sources */,
				F76B2F5B292397E300F974CC /* QueueHandlerView.swift in Sources */,
				F76B2F4E2923978600F974CC /* ContentView.swift in Sources */,
				F76B2F4C2923978600F974CC /* QueueManagerLab1App.swift in Sources */,
				F705F2C72923B1750069160D /* Blork.swift in Sources */,
				F705F2C22923B1310069160D /* Extension+Logger.swift in Sources */,
			);
			runOnlyForDeploymentPostprocessing = 0;
		};
/* End PBXSourcesBuildPhase section */

/* Begin XCBuildConfiguration section */
		F76B2F552923978700F974CC /* Debug */ = {
			isa = XCBuildConfiguration;
			buildSettings = {
				ALWAYS_SEARCH_USER_PATHS = NO;
				CLANG_ANALYZER_NONNULL = YES;
				CLANG_ANALYZER_NUMBER_OBJECT_CONVERSION = YES_AGGRESSIVE;
				CLANG_CXX_LANGUAGE_STANDARD = "gnu++17";
				CLANG_ENABLE_MODULES = YES;
				CLANG_ENABLE_OBJC_ARC = YES;
				CLANG_ENABLE_OBJC_WEAK = YES;
				CLANG_WARN_BLOCK_CAPTURE_AUTORELEASING = YES;
				CLANG_WARN_BOOL_CONVERSION = YES;
				CLANG_WARN_COMMA = YES;
				CLANG_WARN_CONSTANT_CONVERSION = YES;
				CLANG_WARN_DEPRECATED_OBJC_IMPLEMENTATIONS = YES;
				CLANG_WARN_DIRECT_OBJC_ISA_USAGE = YES_ERROR;
				CLANG_WARN_DOCUMENTATION_COMMENTS = YES;
				CLANG_WARN_EMPTY_BODY = YES;
				CLANG_WARN_ENUM_CONVERSION = YES;
				CLANG_WARN_INFINITE_RECURSION = YES;
				CLANG_WARN_INT_CONVERSION = YES;
				CLANG_WARN_NON_LITERAL_NULL_CONVERSION = YES;
				CLANG_WARN_OBJC_IMPLICIT_RETAIN_SELF = YES;
				CLANG_WARN_OBJC_LITERAL_CONVERSION = YES;
				CLANG_WARN_OBJC_ROOT_CLASS = YES_ERROR;
				CLANG_WARN_QUOTED_INCLUDE_IN_FRAMEWORK_HEADER = YES;
				CLANG_WARN_RANGE_LOOP_ANALYSIS = YES;
				CLANG_WARN_STRICT_PROTOTYPES = YES;
				CLANG_WARN_SUSPICIOUS_MOVE = YES;
				CLANG_WARN_UNGUARDED_AVAILABILITY = YES_AGGRESSIVE;
				CLANG_WARN_UNREACHABLE_CODE = YES;
				CLANG_WARN__DUPLICATE_METHOD_MATCH = YES;
				COPY_PHASE_STRIP = NO;
				DEBUG_INFORMATION_FORMAT = dwarf;
				ENABLE_STRICT_OBJC_MSGSEND = YES;
				ENABLE_TESTABILITY = YES;
				GCC_C_LANGUAGE_STANDARD = gnu11;
				GCC_DYNAMIC_NO_PIC = NO;
				GCC_NO_COMMON_BLOCKS = YES;
				GCC_OPTIMIZATION_LEVEL = 0;
				GCC_PREPROCESSOR_DEFINITIONS = (
					"DEBUG=1",
					"$(inherited)",
				);
				GCC_WARN_64_TO_32_BIT_CONVERSION = YES;
				GCC_WARN_ABOUT_RETURN_TYPE = YES_ERROR;
				GCC_WARN_UNDECLARED_SELECTOR = YES;
				GCC_WARN_UNINITIALIZED_AUTOS = YES_AGGRESSIVE;
				GCC_WARN_UNUSED_FUNCTION = YES;
				GCC_WARN_UNUSED_VARIABLE = YES;
				MACOSX_DEPLOYMENT_TARGET = 12.3;
				MTL_ENABLE_DEBUG_INFO = INCLUDE_SOURCE;
				MTL_FAST_MATH = YES;
				ONLY_ACTIVE_ARCH = YES;
				SDKROOT = macosx;
				SWIFT_ACTIVE_COMPILATION_CONDITIONS = DEBUG;
				SWIFT_OPTIMIZATION_LEVEL = "-Onone";
			};
			name = Debug;
		};
		F76B2F562923978700F974CC /* Release */ = {
			isa = XCBuildConfiguration;
			buildSettings = {
				ALWAYS_SEARCH_USER_PATHS = NO;
				CLANG_ANALYZER_NONNULL = YES;
				CLANG_ANALYZER_NUMBER_OBJECT_CONVERSION = YES_AGGRESSIVE;
				CLANG_CXX_LANGUAGE_STANDARD = "gnu++17";
				CLANG_ENABLE_MODULES = YES;
				CLANG_ENABLE_OBJC_ARC = YES;
				CLANG_ENABLE_OBJC_WEAK = YES;
				CLANG_WARN_BLOCK_CAPTURE_AUTORELEASING = YES;
				CLANG_WARN_BOOL_CONVERSION = YES;
				CLANG_WARN_COMMA = YES;
				CLANG_WARN_CONSTANT_CONVERSION = YES;
				CLANG_WARN_DEPRECATED_OBJC_IMPLEMENTATIONS = YES;
				CLANG_WARN_DIRECT_OBJC_ISA_USAGE = YES_ERROR;
				CLANG_WARN_DOCUMENTATION_COMMENTS = YES;
				CLANG_WARN_EMPTY_BODY = YES;
				CLANG_WARN_ENUM_CONVERSION = YES;
				CLANG_WARN_INFINITE_RECURSION = YES;
				CLANG_WARN_INT_CONVERSION = YES;
				CLANG_WARN_NON_LITERAL_NULL_CONVERSION = YES;
				CLANG_WARN_OBJC_IMPLICIT_RETAIN_SELF = YES;
				CLANG_WARN_OBJC_LITERAL_CONVERSION = YES;
				CLANG_WARN_OBJC_ROOT_CLASS = YES_ERROR;
				CLANG_WARN_QUOTED_INCLUDE_IN_FRAMEWORK_HEADER = YES;
				CLANG_WARN_RANGE_LOOP_ANALYSIS = YES;
				CLANG_WARN_STRICT_PROTOTYPES = YES;
				CLANG_WARN_SUSPICIOUS_MOVE = YES;
				CLANG_WARN_UNGUARDED_AVAILABILITY = YES_AGGRESSIVE;
				CLANG_WARN_UNREACHABLE_CODE = YES;
				CLANG_WARN__DUPLICATE_METHOD_MATCH = YES;
				COPY_PHASE_STRIP = NO;
				DEBUG_INFORMATION_FORMAT = "dwarf-with-dsym";
				ENABLE_NS_ASSERTIONS = NO;
				ENABLE_STRICT_OBJC_MSGSEND = YES;
				GCC_C_LANGUAGE_STANDARD = gnu11;
				GCC_NO_COMMON_BLOCKS = YES;
				GCC_WARN_64_TO_32_BIT_CONVERSION = YES;
				GCC_WARN_ABOUT_RETURN_TYPE = YES_ERROR;
				GCC_WARN_UNDECLARED_SELECTOR = YES;
				GCC_WARN_UNINITIALIZED_AUTOS = YES_AGGRESSIVE;
				GCC_WARN_UNUSED_FUNCTION = YES;
				GCC_WARN_UNUSED_VARIABLE = YES;
				MACOSX_DEPLOYMENT_TARGET = 12.3;
				MTL_ENABLE_DEBUG_INFO = NO;
				MTL_FAST_MATH = YES;
				SDKROOT = macosx;
				SWIFT_COMPILATION_MODE = wholemodule;
				SWIFT_OPTIMIZATION_LEVEL = "-O";
			};
			name = Release;
		};
		F76B2F582923978700F974CC /* Debug */ = {
			isa = XCBuildConfiguration;
			buildSettings = {
				ASSETCATALOG_COMPILER_APPICON_NAME = AppIcon;
				ASSETCATALOG_COMPILER_GLOBAL_ACCENT_COLOR_NAME = AccentColor;
				CODE_SIGN_ENTITLEMENTS = QueueManagerLab1/QueueManagerLab1.entitlements;
				CODE_SIGN_STYLE = Automatic;
				COMBINE_HIDPI_IMAGES = YES;
				CURRENT_PROJECT_VERSION = 1;
				DEVELOPMENT_ASSET_PATHS = "\"QueueManagerLab1/Preview Content\"";
				DEVELOPMENT_TEAM = BL3QU98HMU;
				ENABLE_HARDENED_RUNTIME = YES;
				ENABLE_PREVIEWS = YES;
				GENERATE_INFOPLIST_FILE = YES;
				INFOPLIST_KEY_NSHumanReadableCopyright = "";
				LD_RUNPATH_SEARCH_PATHS = (
					"$(inherited)",
					"@executable_path/../Frameworks",
				);
				MARKETING_VERSION = 1.0;
				PRODUCT_BUNDLE_IDENTIFIER = org.mac.QueueManagerLab1;
				PRODUCT_NAME = "$(TARGET_NAME)";
				SWIFT_EMIT_LOC_STRINGS = YES;
				SWIFT_VERSION = 5.0;
			};
			name = Debug;
		};
		F76B2F592923978700F974CC /* Release */ = {
			isa = XCBuildConfiguration;
			buildSettings = {
				ASSETCATALOG_COMPILER_APPICON_NAME = AppIcon;
				ASSETCATALOG_COMPILER_GLOBAL_ACCENT_COLOR_NAME = AccentColor;
				CODE_SIGN_ENTITLEMENTS = QueueManagerLab1/QueueManagerLab1.entitlements;
				CODE_SIGN_STYLE = Automatic;
				COMBINE_HIDPI_IMAGES = YES;
				CURRENT_PROJECT_VERSION = 1;
				DEVELOPMENT_ASSET_PATHS = "\"QueueManagerLab1/Preview Content\"";
				DEVELOPMENT_TEAM = BL3QU98HMU;
				ENABLE_HARDENED_RUNTIME = YES;
				ENABLE_PREVIEWS = YES;
				GENERATE_INFOPLIST_FILE = YES;
				INFOPLIST_KEY_NSHumanReadableCopyright = "";
				LD_RUNPATH_SEARCH_PATHS = (
					"$(inherited)",
					"@executable_path/../Frameworks",
				);
				MARKETING_VERSION = 1.0;
				PRODUCT_BUNDLE_IDENTIFIER = org.mac.QueueManagerLab1;
				PRODUCT_NAME = "$(TARGET_NAME)";
				SWIFT_EMIT_LOC_STRINGS = YES;
				SWIFT_VERSION = 5.0;
			};
			name = Release;
		};
/* End XCBuildConfiguration section */

/* Begin XCConfigurationList section */
		F76B2F432923978600F974CC /* Build configuration list for PBXProject "QueueManagerLab1" */ = {
			isa = XCConfigurationList;
			buildConfigurations = (
				F76B2F552923978700F974CC /* Debug */,
				F76B2F562923978700F974CC /* Release */,
			);
			defaultConfigurationIsVisible = 0;
			defaultConfigurationName = Release;
		};
		F76B2F572923978700F974CC /* Build configuration list for PBXNativeTarget "QueueManagerLab1" */ = {
			isa = XCConfigurationList;
			buildConfigurations = (
				F76B2F582923978700F974CC /* Debug */,
				F76B2F592923978700F974CC /* Release */,
			);
			defaultConfigurationIsVisible = 0;
			defaultConfigurationName = Release;
		};
/* End XCConfigurationList section */
	};
	rootObject = F76B2F402923978600F974CC /* Project object */;
}
